
Microsoft Visual Studio Solution File, Format Version 12.00
# Visual Studio Version 17
VisualStudioVersion = 17.1.32421.90
MinimumVisualStudioVersion = 10.0.40219.1
Project("{FAE04EC0-301F-11D3-BF4B-00C04F79EFBC}") = "CreatModel", "CreatModel.csproj", "{19AD7623-9342-4A39-BA85-7C694E91940C}"
EndProject
Global
	GlobalSection(SolutionConfigurationPlatforms) = preSolution
		Debug|Any CPU = Debug|Any CPU
		Release|Any CPU = Release|Any CPU
	EndGlobalSection
	GlobalSection(ProjectConfigurationPlatforms) = postSolution
		{19AD7623-9342-4A39-BA85-7C694E91940C}.Debug|Any CPU.ActiveCfg = Debug|Any CPU
		{19AD7623-9342-4A39-BA85-7C694E91940C}.Debug|Any CPU.Build.0 = Debug|Any CPU
		{19AD7623-9342-4A39-BA85-7C694E91940C}.Release|Any CPU.ActiveCfg = Release|Any CPU
		{19AD7623-9342-4A39-BA85-7C694E91940C}.Release|Any CPU.Build.0 = Release|Any CPU
	EndGlobalSection
	GlobalSection(SolutionProperties) = preSolution
		HideSolutionNode = FALSE
	EndGlobalSection
	GlobalSection(ExtensibilityGlobals) = postSolution
		SolutionGuid = {52A5DFB8-C3CE-4DD7-B156-E66A758BD045}
	EndGlobalSection
EndGlobal
